
Microsoft Visual Studio Solution File, Format Version 12.00
# Visual Studio Version 17
VisualStudioVersion = 17.11.35222.181
MinimumVisualStudioVersion = 10.0.40219.1
Project("{FAE04EC0-301F-11D3-BF4B-00C04F79EFBC}") = "lab_flower_shop", "lab_flower_shop\lab_flower_shop.csproj", "{C21190B3-900F-4F2F-8984-06F07A8B91CF}"
EndProject
Global
	GlobalSection(SolutionConfigurationPlatforms) = preSolution
		Debug|Any CPU = Debug|Any CPU
		Release|Any CPU = Release|Any CPU
	EndGlobalSection
	GlobalSection(ProjectConfigurationPlatforms) = postSolution
		{C21190B3-900F-4F2F-8984-06F07A8B91CF}.Debug|Any CPU.ActiveCfg = Debug|Any CPU
		{C21190B3-900F-4F2F-8984-06F07A8B91CF}.Debug|Any CPU.Build.0 = Debug|Any CPU
		{C21190B3-900F-4F2F-8984-06F07A8B91CF}.Release|Any CPU.ActiveCfg = Release|Any CPU
		{C21190B3-900F-4F2F-8984-06F07A8B91CF}.Release|Any CPU.Build.0 = Release|Any CPU
	EndGlobalSection
	GlobalSection(SolutionProperties) = preSolution
		HideSolutionNode = FALSE
	EndGlobalSection
	GlobalSection(ExtensibilityGlobals) = postSolution
		SolutionGuid = {4457A46D-6CDC-43C3-A554-E80D6582507F}
	EndGlobalSection
EndGlobal
